
Microsoft Visual Studio Solution File, Format Version 12.00
# Visual Studio Version 16
VisualStudioVersion = 16.0.29209.152
MinimumVisualStudioVersion = 15.0.26124.0
Project("{2150E333-8FDC-42A3-9474-1A3956D46DE8}") = "src", "src", "{471CA3C0-0BC9-4C0C-A013-D9356DBD0F38}"
EndProject
Project("{9A19103F-16F7-4668-BE54-9A1E7A4F7556}") = "McMaster.NETCore.Plugins", "src\Plugins\McMaster.NETCore.Plugins.csproj", "{2D251CFD-A9DA-421F-B516-B25873348C08}"
EndProject
Project("{2150E333-8FDC-42A3-9474-1A3956D46DE8}") = "Solution Items", "Solution Items", "{9E47E94A-3F50-4B3B-8937-1FCF832ABEB6}"
	ProjectSection(SolutionItems) = preProject
		.editorconfig = .editorconfig
		build.ps1 = build.ps1
		src\common.psm1 = src\common.psm1
		Directory.Build.props = Directory.Build.props
		LICENSE.txt = LICENSE.txt
		README.md = README.md
	EndProjectSection
EndProject
Project("{9A19103F-16F7-4668-BE54-9A1E7A4F7556}") = "McMaster.NETCore.Plugins.Mvc", "src\Plugins.Mvc\McMaster.NETCore.Plugins.Mvc.csproj", "{263CD320-FAC5-4F0C-8FFB-788DD3C455D4}"
EndProject
Project("{9A19103F-16F7-4668-BE54-9A1E7A4F7556}") = "HostApp", "TestApp\HostApp\HostApp.csproj", "{DFC13FA1-509C-42AF-870F-543C7A3F231B}"
EndProject
Project("{9A19103F-16F7-4668-BE54-9A1E7A4F7556}") = "PluginContract", "TestApp\PluginContract\PluginContract.csproj", "{6842C9FD-6720-43EA-83AD-DE315531DDA9}"
EndProject
Project("{9A19103F-16F7-4668-BE54-9A1E7A4F7556}") = "MyPlugin2", "TestApp\MyPlugin2\MyPlugin2.csproj", "{F98253FB-A035-4AA4-8143-F0D71F79C019}"
EndProject
Project("{9A19103F-16F7-4668-BE54-9A1E7A4F7556}") = "MyPlugin1", "TestApp\MyPlugin1\MyPlugin1.csproj", "{4F4C5556-16CE-4231-8EDF-F79E959D6D72}"
EndProject
Project("{9A19103F-16F7-4668-BE54-9A1E7A4F7556}") = "Extensions.Logging.RollingFile", "TestApp\Logging\Extensions.Logging.RollingFile.csproj", "{AA5D7A29-AAAA-497C-864E-AA1B6736F598}"
EndProject
Project("{9A19103F-16F7-4668-BE54-9A1E7A4F7556}") = "CommonUtils", "TestApp\CommonUtils\CommonUtils.csproj", "{D0C734F3-F7FA-460E-93A2-E85C8FEF7C76}"
EndProject
Global
	GlobalSection(SolutionConfigurationPlatforms) = preSolution
		Debug|Any CPU = Debug|Any CPU
		Debug|x64 = Debug|x64
		Debug|x86 = Debug|x86
		Release|Any CPU = Release|Any CPU
		Release|x64 = Release|x64
		Release|x86 = Release|x86
	EndGlobalSection
	GlobalSection(ProjectConfigurationPlatforms) = postSolution
		{2D251CFD-A9DA-421F-B516-B25873348C08}.Debug|Any CPU.ActiveCfg = Debug|Any CPU
		{2D251CFD-A9DA-421F-B516-B25873348C08}.Debug|Any CPU.Build.0 = Debug|Any CPU
		{2D251CFD-A9DA-421F-B516-B25873348C08}.Debug|x64.ActiveCfg = Debug|Any CPU
		{2D251CFD-A9DA-421F-B516-B25873348C08}.Debug|x64.Build.0 = Debug|Any CPU
		{2D251CFD-A9DA-421F-B516-B25873348C08}.Debug|x86.ActiveCfg = Debug|Any CPU
		{2D251CFD-A9DA-421F-B516-B25873348C08}.Debug|x86.Build.0 = Debug|Any CPU
		{2D251CFD-A9DA-421F-B516-B25873348C08}.Release|Any CPU.ActiveCfg = Release|Any CPU
		{2D251CFD-A9DA-421F-B516-B25873348C08}.Release|Any CPU.Build.0 = Release|Any CPU
		{2D251CFD-A9DA-421F-B516-B25873348C08}.Release|x64.ActiveCfg = Release|Any CPU
		{2D251CFD-A9DA-421F-B516-B25873348C08}.Release|x64.Build.0 = Release|Any CPU
		{2D251CFD-A9DA-421F-B516-B25873348C08}.Release|x86.ActiveCfg = Release|Any CPU
		{2D251CFD-A9DA-421F-B516-B25873348C08}.Release|x86.Build.0 = Release|Any CPU
		{263CD320-FAC5-4F0C-8FFB-788DD3C455D4}.Debug|Any CPU.ActiveCfg = Debug|Any CPU
		{263CD320-FAC5-4F0C-8FFB-788DD3C455D4}.Debug|Any CPU.Build.0 = Debug|Any CPU
		{263CD320-FAC5-4F0C-8FFB-788DD3C455D4}.Debug|x64.ActiveCfg = Debug|Any CPU
		{263CD320-FAC5-4F0C-8FFB-788DD3C455D4}.Debug|x64.Build.0 = Debug|Any CPU
		{263CD320-FAC5-4F0C-8FFB-788DD3C455D4}.Debug|x86.ActiveCfg = Debug|Any CPU
		{263CD320-FAC5-4F0C-8FFB-788DD3C455D4}.Debug|x86.Build.0 = Debug|Any CPU
		{263CD320-FAC5-4F0C-8FFB-788DD3C455D4}.Release|Any CPU.ActiveCfg = Release|Any CPU
		{263CD320-FAC5-4F0C-8FFB-788DD3C455D4}.Release|Any CPU.Build.0 = Release|Any CPU
		{263CD320-FAC5-4F0C-8FFB-788DD3C455D4}.Release|x64.ActiveCfg = Release|Any CPU
		{263CD320-FAC5-4F0C-8FFB-788DD3C455D4}.Release|x64.Build.0 = Release|Any CPU
		{263CD320-FAC5-4F0C-8FFB-788DD3C455D4}.Release|x86.ActiveCfg = Release|Any CPU
		{263CD320-FAC5-4F0C-8FFB-788DD3C455D4}.Release|x86.Build.0 = Release|Any CPU
		{DFC13FA1-509C-42AF-870F-543C7A3F231B}.Debug|Any CPU.ActiveCfg = Debug|Any CPU
		{DFC13FA1-509C-42AF-870F-543C7A3F231B}.Debug|Any CPU.Build.0 = Debug|Any CPU
		{DFC13FA1-509C-42AF-870F-543C7A3F231B}.Debug|x64.ActiveCfg = Debug|Any CPU
		{DFC13FA1-509C-42AF-870F-543C7A3F231B}.Debug|x64.Build.0 = Debug|Any CPU
		{DFC13FA1-509C-42AF-870F-543C7A3F231B}.Debug|x86.ActiveCfg = Debug|Any CPU
		{DFC13FA1-509C-42AF-870F-543C7A3F231B}.Debug|x86.Build.0 = Debug|Any CPU
		{DFC13FA1-509C-42AF-870F-543C7A3F231B}.Release|Any CPU.ActiveCfg = Release|Any CPU
		{DFC13FA1-509C-42AF-870F-543C7A3F231B}.Release|Any CPU.Build.0 = Release|Any CPU
		{DFC13FA1-509C-42AF-870F-543C7A3F231B}.Release|x64.ActiveCfg = Release|Any CPU
		{DFC13FA1-509C-42AF-870F-543C7A3F231B}.Release|x64.Build.0 = Release|Any CPU
		{DFC13FA1-509C-42AF-870F-543C7A3F231B}.Release|x86.ActiveCfg = Release|Any CPU
		{DFC13FA1-509C-42AF-870F-543C7A3F231B}.Release|x86.Build.0 = Release|Any CPU
		{6842C9FD-6720-43EA-83AD-DE315531DDA9}.Debug|Any CPU.ActiveCfg = Debug|Any CPU
		{6842C9FD-6720-43EA-83AD-DE315531DDA9}.Debug|Any CPU.Build.0 = Debug|Any CPU
		{6842C9FD-6720-43EA-83AD-DE315531DDA9}.Debug|x64.ActiveCfg = Debug|Any CPU
		{6842C9FD-6720-43EA-83AD-DE315531DDA9}.Debug|x64.Build.0 = Debug|Any CPU
		{6842C9FD-6720-43EA-83AD-DE315531DDA9}.Debug|x86.ActiveCfg = Debug|Any CPU
		{6842C9FD-6720-43EA-83AD-DE315531DDA9}.Debug|x86.Build.0 = Debug|Any CPU
		{6842C9FD-6720-43EA-83AD-DE315531DDA9}.Release|Any CPU.ActiveCfg = Release|Any CPU
		{6842C9FD-6720-43EA-83AD-DE315531DDA9}.Release|Any CPU.Build.0 = Release|Any CPU
		{6842C9FD-6720-43EA-83AD-DE315531DDA9}.Release|x64.ActiveCfg = Release|Any CPU
		{6842C9FD-6720-43EA-83AD-DE315531DDA9}.Release|x64.Build.0 = Release|Any CPU
		{6842C9FD-6720-43EA-83AD-DE315531DDA9}.Release|x86.ActiveCfg = Release|Any CPU
		{6842C9FD-6720-43EA-83AD-DE315531DDA9}.Release|x86.Build.0 = Release|Any CPU
		{F98253FB-A035-4AA4-8143-F0D71F79C019}.Debug|Any CPU.ActiveCfg = Debug|Any CPU
		{F98253FB-A035-4AA4-8143-F0D71F79C019}.Debug|Any CPU.Build.0 = Debug|Any CPU
		{F98253FB-A035-4AA4-8143-F0D71F79C019}.Debug|x64.ActiveCfg = Debug|Any CPU
		{F98253FB-A035-4AA4-8143-F0D71F79C019}.Debug|x64.Build.0 = Debug|Any CPU
		{F98253FB-A035-4AA4-8143-F0D71F79C019}.Debug|x86.ActiveCfg = Debug|Any CPU
		{F98253FB-A035-4AA4-8143-F0D71F79C019}.Debug|x86.Build.0 = Debug|Any CPU
		{F98253FB-A035-4AA4-8143-F0D71F79C019}.Release|Any CPU.ActiveCfg = Release|Any CPU
		{F98253FB-A035-4AA4-8143-F0D71F79C019}.Release|Any CPU.Build.0 = Release|Any CPU
		{F98253FB-A035-4AA4-8143-F0D71F79C019}.Release|x64.ActiveCfg = Release|Any CPU
		{F98253FB-A035-4AA4-8143-F0D71F79C019}.Release|x64.Build.0 = Release|Any CPU
		{F98253FB-A035-4AA4-8143-F0D71F79C019}.Release|x86.ActiveCfg = Release|Any CPU
		{F98253FB-A035-4AA4-8143-F0D71F79C019}.Release|x86.Build.0 = Release|Any CPU
		{4F4C5556-16CE-4231-8EDF-F79E959D6D72}.Debug|Any CPU.ActiveCfg = Debug|Any CPU
		{4F4C5556-16CE-4231-8EDF-F79E959D6D72}.Debug|Any CPU.Build.0 = Debug|Any CPU
		{4F4C5556-16CE-4231-8EDF-F79E959D6D72}.Debug|x64.ActiveCfg = Debug|Any CPU
		{4F4C5556-16CE-4231-8EDF-F79E959D6D72}.Debug|x64.Build.0 = Debug|Any CPU
		{4F4C5556-16CE-4231-8EDF-F79E959D6D72}.Debug|x86.ActiveCfg = Debug|Any CPU
		{4F4C5556-16CE-4231-8EDF-F79E959D6D72}.Debug|x86.Build.0 = Debug|Any CPU
		{4F4C5556-16CE-4231-8EDF-F79E959D6D72}.Release|Any CPU.ActiveCfg = Release|Any CPU
		{4F4C5556-16CE-4231-8EDF-F79E959D6D72}.Release|Any CPU.Build.0 = Release|Any CPU
		{4F4C5556-16CE-4231-8EDF-F79E959D6D72}.Release|x64.ActiveCfg = Release|Any CPU
		{4F4C5556-16CE-4231-8EDF-F79E959D6D72}.Release|x64.Build.0 = Release|Any CPU
		{4F4C5556-16CE-4231-8EDF-F79E959D6D72}.Release|x86.ActiveCfg = Release|Any CPU
		{4F4C5556-16CE-4231-8EDF-F79E959D6D72}.Release|x86.Build.0 = Release|Any CPU
		{AA5D7A29-AAAA-497C-864E-AA1B6736F598}.Debug|Any CPU.ActiveCfg = Debug|Any CPU
		{AA5D7A29-AAAA-497C-864E-AA1B6736F598}.Debug|Any CPU.Build.0 = Debug|Any CPU
		{AA5D7A29-AAAA-497C-864E-AA1B6736F598}.Debug|x64.ActiveCfg = Debug|Any CPU
		{AA5D7A29-AAAA-497C-864E-AA1B6736F598}.Debug|x64.Build.0 = Debug|Any CPU
		{AA5D7A29-AAAA-497C-864E-AA1B6736F598}.Debug|x86.ActiveCfg = Debug|Any CPU
		{AA5D7A29-AAAA-497C-864E-AA1B6736F598}.Debug|x86.Build.0 = Debug|Any CPU
		{AA5D7A29-AAAA-497C-864E-AA1B6736F598}.Release|Any CPU.ActiveCfg = Release|Any CPU
		{AA5D7A29-AAAA-497C-864E-AA1B6736F598}.Release|Any CPU.Build.0 = Release|Any CPU
		{AA5D7A29-AAAA-497C-864E-AA1B6736F598}.Release|x64.ActiveCfg = Release|Any CPU
		{AA5D7A29-AAAA-497C-864E-AA1B6736F598}.Release|x64.Build.0 = Release|Any CPU
		{AA5D7A29-AAAA-497C-864E-AA1B6736F598}.Release|x86.ActiveCfg = Release|Any CPU
		{AA5D7A29-AAAA-497C-864E-AA1B6736F598}.Release|x86.Build.0 = Release|Any CPU
		{D0C734F3-F7FA-460E-93A2-E85C8FEF7C76}.Debug|Any CPU.ActiveCfg = Debug|Any CPU
		{D0C734F3-F7FA-460E-93A2-E85C8FEF7C76}.Debug|Any CPU.Build.0 = Debug|Any CPU
		{D0C734F3-F7FA-460E-93A2-E85C8FEF7C76}.Debug|x64.ActiveCfg = Debug|Any CPU
		{D0C734F3-F7FA-460E-93A2-E85C8FEF7C76}.Debug|x64.Build.0 = Debug|Any CPU
		{D0C734F3-F7FA-460E-93A2-E85C8FEF7C76}.Debug|x86.ActiveCfg = Debug|Any CPU
		{D0C734F3-F7FA-460E-93A2-E85C8FEF7C76}.Debug|x86.Build.0 = Debug|Any CPU
		{D0C734F3-F7FA-460E-93A2-E85C8FEF7C76}.Release|Any CPU.ActiveCfg = Release|Any CPU
		{D0C734F3-F7FA-460E-93A2-E85C8FEF7C76}.Release|Any CPU.Build.0 = Release|Any CPU
		{D0C734F3-F7FA-460E-93A2-E85C8FEF7C76}.Release|x64.ActiveCfg = Release|Any CPU
		{D0C734F3-F7FA-460E-93A2-E85C8FEF7C76}.Release|x64.Build.0 = Release|Any CPU
		{D0C734F3-F7FA-460E-93A2-E85C8FEF7C76}.Release|x86.ActiveCfg = Release|Any CPU
		{D0C734F3-F7FA-460E-93A2-E85C8FEF7C76}.Release|x86.Build.0 = Release|Any CPU
	EndGlobalSection
	GlobalSection(SolutionProperties) = preSolution
		HideSolutionNode = FALSE
	EndGlobalSection
	GlobalSection(NestedProjects) = preSolution
		{2D251CFD-A9DA-421F-B516-B25873348C08} = {471CA3C0-0BC9-4C0C-A013-D9356DBD0F38}
		{263CD320-FAC5-4F0C-8FFB-788DD3C455D4} = {471CA3C0-0BC9-4C0C-A013-D9356DBD0F38}
		{3B0C6936-E777-4413-B68A-1686A768F928} = {F49FFE3B-E1AE-483E-951F-D498F6ABA08E}
		{DFC13FA1-509C-42AF-870F-543C7A3F231B} = {3B0C6936-E777-4413-B68A-1686A768F928}
		{6842C9FD-6720-43EA-83AD-DE315531DDA9} = {3B0C6936-E777-4413-B68A-1686A768F928}
		{F98253FB-A035-4AA4-8143-F0D71F79C019} = {3B0C6936-E777-4413-B68A-1686A768F928}
		{4F4C5556-16CE-4231-8EDF-F79E959D6D72} = {3B0C6936-E777-4413-B68A-1686A768F928}
		{AA5D7A29-AAAA-497C-864E-AA1B6736F598} = {F49FFE3B-E1AE-483E-951F-D498F6ABA08E}
		{D0C734F3-F7FA-460E-93A2-E85C8FEF7C76} = {3B0C6936-E777-4413-B68A-1686A768F928}
	EndGlobalSection
	GlobalSection(ExtensibilityGlobals) = postSolution
		SolutionGuid = {B1AF41DC-A03E-47B1-BBDB-3DC27ABD9F74}
	EndGlobalSection
EndGlobal
